
Microsoft Visual Studio Solution File, Format Version 12.00
# Visual Studio Version 17
VisualStudioVersion = 17.0.31903.59
MinimumVisualStudioVersion = 10.0.40219.1
Project("{FAE04EC0-301F-11D3-BF4B-00C04F79EFBC}") = "2115207_DinhTrongHieu_BTH4", "2115207_DinhTrongHieu_BTH4\2115207_DinhTrongHieu_BTH4.csproj", "{45E9EBAB-3C4B-444F-BF3B-D6E2C2E8DD03}"
EndProject
Global
	GlobalSection(SolutionConfigurationPlatforms) = preSolution
		Debug|Any CPU = Debug|Any CPU
		Release|Any CPU = Release|Any CPU
	EndGlobalSection
	GlobalSection(ProjectConfigurationPlatforms) = postSolution
		{45E9EBAB-3C4B-444F-BF3B-D6E2C2E8DD03}.Debug|Any CPU.ActiveCfg = Debug|Any CPU
		{45E9EBAB-3C4B-444F-BF3B-D6E2C2E8DD03}.Debug|Any CPU.Build.0 = Debug|Any CPU
		{45E9EBAB-3C4B-444F-BF3B-D6E2C2E8DD03}.Release|Any CPU.ActiveCfg = Release|Any CPU
		{45E9EBAB-3C4B-444F-BF3B-D6E2C2E8DD03}.Release|Any CPU.Build.0 = Release|Any CPU
	EndGlobalSection
	GlobalSection(SolutionProperties) = preSolution
		HideSolutionNode = FALSE
	EndGlobalSection
	GlobalSection(ExtensibilityGlobals) = postSolution
		SolutionGuid = {6A5D4469-CACE-4D7D-8759-0E252FC768E0}
	EndGlobalSection
EndGlobal
